
Microsoft Visual Studio Solution File, Format Version 12.00
# Visual Studio Version 17
VisualStudioVersion = 17.14.36414.22 d17.14
MinimumVisualStudioVersion = 10.0.40219.1
Project("{FAE04EC0-301F-11D3-BF4B-00C04F79EFBC}") = "WDZ", "WDZ\WDZ.csproj", "{F591B362-F80C-4314-92E3-89C9262CD44B}"
EndProject
Global
	GlobalSection(SolutionConfigurationPlatforms) = preSolution
		Debug|Any CPU = Debug|Any CPU
		Release|Any CPU = Release|Any CPU
	EndGlobalSection
	GlobalSection(ProjectConfigurationPlatforms) = postSolution
		{F591B362-F80C-4314-92E3-89C9262CD44B}.Debug|Any CPU.ActiveCfg = Debug|Any CPU
		{F591B362-F80C-4314-92E3-89C9262CD44B}.Debug|Any CPU.Build.0 = Debug|Any CPU
		{F591B362-F80C-4314-92E3-89C9262CD44B}.Release|Any CPU.ActiveCfg = Release|Any CPU
		{F591B362-F80C-4314-92E3-89C9262CD44B}.Release|Any CPU.Build.0 = Release|Any CPU
	EndGlobalSection
	GlobalSection(SolutionProperties) = preSolution
		HideSolutionNode = FALSE
	EndGlobalSection
	GlobalSection(ExtensibilityGlobals) = postSolution
		SolutionGuid = {DD647743-1A2B-4D3B-A437-6B9A47DF6CC0}
	EndGlobalSection
EndGlobal
